
Microsoft Visual Studio Solution File, Format Version 12.00
# Visual Studio Version 17
VisualStudioVersion = 17.6.33723.286
MinimumVisualStudioVersion = 10.0.40219.1
Project("{FAE04EC0-301F-11D3-BF4B-00C04F79EFBC}") = "Ejercicio2_20367758.Android", "Ejercicio2_20367758\Ejercicio2_20367758.Android\Ejercicio2_20367758.Android.csproj", "{A53F7D9C-5861-44E6-9337-96E57C073A2E}"
EndProject
Project("{FAE04EC0-301F-11D3-BF4B-00C04F79EFBC}") = "Ejercicio2_20367758.iOS", "Ejercicio2_20367758\Ejercicio2_20367758.iOS\Ejercicio2_20367758.iOS.csproj", "{F18D2A6D-FF64-42D9-BE85-657FF23C4633}"
EndProject
Project("{FAE04EC0-301F-11D3-BF4B-00C04F79EFBC}") = "Ejercicio2_20367758", "Ejercicio2_20367758\Ejercicio2_20367758\Ejercicio2_20367758.csproj", "{1B9E04D3-B79A-445B-8152-6EA3F74481F2}"
EndProject
Global
	GlobalSection(SolutionConfigurationPlatforms) = preSolution
		Debug|Any CPU = Debug|Any CPU
		Debug|iPhone = Debug|iPhone
		Debug|iPhoneSimulator = Debug|iPhoneSimulator
		Release|Any CPU = Release|Any CPU
		Release|iPhone = Release|iPhone
		Release|iPhoneSimulator = Release|iPhoneSimulator
	EndGlobalSection
	GlobalSection(ProjectConfigurationPlatforms) = postSolution
		{A53F7D9C-5861-44E6-9337-96E57C073A2E}.Debug|Any CPU.ActiveCfg = Debug|Any CPU
		{A53F7D9C-5861-44E6-9337-96E57C073A2E}.Debug|Any CPU.Build.0 = Debug|Any CPU
		{A53F7D9C-5861-44E6-9337-96E57C073A2E}.Debug|Any CPU.Deploy.0 = Debug|Any CPU
		{A53F7D9C-5861-44E6-9337-96E57C073A2E}.Debug|iPhone.ActiveCfg = Debug|Any CPU
		{A53F7D9C-5861-44E6-9337-96E57C073A2E}.Debug|iPhone.Build.0 = Debug|Any CPU
		{A53F7D9C-5861-44E6-9337-96E57C073A2E}.Debug|iPhone.Deploy.0 = Debug|Any CPU
		{A53F7D9C-5861-44E6-9337-96E57C073A2E}.Debug|iPhoneSimulator.ActiveCfg = Debug|Any CPU
		{A53F7D9C-5861-44E6-9337-96E57C073A2E}.Debug|iPhoneSimulator.Build.0 = Debug|Any CPU
		{A53F7D9C-5861-44E6-9337-96E57C073A2E}.Debug|iPhoneSimulator.Deploy.0 = Debug|Any CPU
		{A53F7D9C-5861-44E6-9337-96E57C073A2E}.Release|Any CPU.ActiveCfg = Release|Any CPU
		{A53F7D9C-5861-44E6-9337-96E57C073A2E}.Release|Any CPU.Build.0 = Release|Any CPU
		{A53F7D9C-5861-44E6-9337-96E57C073A2E}.Release|Any CPU.Deploy.0 = Release|Any CPU
		{A53F7D9C-5861-44E6-9337-96E57C073A2E}.Release|iPhone.ActiveCfg = Release|Any CPU
		{A53F7D9C-5861-44E6-9337-96E57C073A2E}.Release|iPhone.Build.0 = Release|Any CPU
		{A53F7D9C-5861-44E6-9337-96E57C073A2E}.Release|iPhone.Deploy.0 = Release|Any CPU
		{A53F7D9C-5861-44E6-9337-96E57C073A2E}.Release|iPhoneSimulator.ActiveCfg = Release|Any CPU
		{A53F7D9C-5861-44E6-9337-96E57C073A2E}.Release|iPhoneSimulator.Build.0 = Release|Any CPU
		{A53F7D9C-5861-44E6-9337-96E57C073A2E}.Release|iPhoneSimulator.Deploy.0 = Release|Any CPU
		{F18D2A6D-FF64-42D9-BE85-657FF23C4633}.Debug|Any CPU.ActiveCfg = Debug|iPhone
		{F18D2A6D-FF64-42D9-BE85-657FF23C4633}.Debug|Any CPU.Build.0 = Debug|iPhone
		{F18D2A6D-FF64-42D9-BE85-657FF23C4633}.Debug|Any CPU.Deploy.0 = Debug|iPhone
		{F18D2A6D-FF64-42D9-BE85-657FF23C4633}.Debug|iPhone.ActiveCfg = Debug|iPhone
		{F18D2A6D-FF64-42D9-BE85-657FF23C4633}.Debug|iPhone.Build.0 = Debug|iPhone
		{F18D2A6D-FF64-42D9-BE85-657FF23C4633}.Debug|iPhone.Deploy.0 = Debug|iPhone
		{F18D2A6D-FF64-42D9-BE85-657FF23C4633}.Debug|iPhoneSimulator.ActiveCfg = Debug|iPhoneSimulator
		{F18D2A6D-FF64-42D9-BE85-657FF23C4633}.Debug|iPhoneSimulator.Build.0 = Debug|iPhoneSimulator
		{F18D2A6D-FF64-42D9-BE85-657FF23C4633}.Debug|iPhoneSimulator.Deploy.0 = Debug|iPhoneSimulator
		{F18D2A6D-FF64-42D9-BE85-657FF23C4633}.Release|Any CPU.ActiveCfg = Release|iPhoneSimulator
		{F18D2A6D-FF64-42D9-BE85-657FF23C4633}.Release|Any CPU.Build.0 = Release|iPhoneSimulator
		{F18D2A6D-FF64-42D9-BE85-657FF23C4633}.Release|Any CPU.Deploy.0 = Release|iPhoneSimulator
		{F18D2A6D-FF64-42D9-BE85-657FF23C4633}.Release|iPhone.ActiveCfg = Release|iPhone
		{F18D2A6D-FF64-42D9-BE85-657FF23C4633}.Release|iPhone.Build.0 = Release|iPhone
		{F18D2A6D-FF64-42D9-BE85-657FF23C4633}.Release|iPhone.Deploy.0 = Release|iPhone
		{F18D2A6D-FF64-42D9-BE85-657FF23C4633}.Release|iPhoneSimulator.ActiveCfg = Release|iPhoneSimulator
		{F18D2A6D-FF64-42D9-BE85-657FF23C4633}.Release|iPhoneSimulator.Build.0 = Release|iPhoneSimulator
		{F18D2A6D-FF64-42D9-BE85-657FF23C4633}.Release|iPhoneSimulator.Deploy.0 = Release|iPhoneSimulator
		{1B9E04D3-B79A-445B-8152-6EA3F74481F2}.Debug|Any CPU.ActiveCfg = Debug|Any CPU
		{1B9E04D3-B79A-445B-8152-6EA3F74481F2}.Debug|Any CPU.Build.0 = Debug|Any CPU
		{1B9E04D3-B79A-445B-8152-6EA3F74481F2}.Debug|Any CPU.Deploy.0 = Debug|Any CPU
		{1B9E04D3-B79A-445B-8152-6EA3F74481F2}.Debug|iPhone.ActiveCfg = Debug|Any CPU
		{1B9E04D3-B79A-445B-8152-6EA3F74481F2}.Debug|iPhone.Build.0 = Debug|Any CPU
		{1B9E04D3-B79A-445B-8152-6EA3F74481F2}.Debug|iPhone.Deploy.0 = Debug|Any CPU
		{1B9E04D3-B79A-445B-8152-6EA3F74481F2}.Debug|iPhoneSimulator.ActiveCfg = Debug|Any CPU
		{1B9E04D3-B79A-445B-8152-6EA3F74481F2}.Debug|iPhoneSimulator.Build.0 = Debug|Any CPU
		{1B9E04D3-B79A-445B-8152-6EA3F74481F2}.Debug|iPhoneSimulator.Deploy.0 = Debug|Any CPU
		{1B9E04D3-B79A-445B-8152-6EA3F74481F2}.Release|Any CPU.ActiveCfg = Release|Any CPU
		{1B9E04D3-B79A-445B-8152-6EA3F74481F2}.Release|Any CPU.Build.0 = Release|Any CPU
		{1B9E04D3-B79A-445B-8152-6EA3F74481F2}.Release|Any CPU.Deploy.0 = Release|Any CPU
		{1B9E04D3-B79A-445B-8152-6EA3F74481F2}.Release|iPhone.ActiveCfg = Release|Any CPU
		{1B9E04D3-B79A-445B-8152-6EA3F74481F2}.Release|iPhone.Build.0 = Release|Any CPU
		{1B9E04D3-B79A-445B-8152-6EA3F74481F2}.Release|iPhone.Deploy.0 = Release|Any CPU
		{1B9E04D3-B79A-445B-8152-6EA3F74481F2}.Release|iPhoneSimulator.ActiveCfg = Release|Any CPU
		{1B9E04D3-B79A-445B-8152-6EA3F74481F2}.Release|iPhoneSimulator.Build.0 = Release|Any CPU
		{1B9E04D3-B79A-445B-8152-6EA3F74481F2}.Release|iPhoneSimulator.Deploy.0 = Release|Any CPU
	EndGlobalSection
	GlobalSection(SolutionProperties) = preSolution
		HideSolutionNode = FALSE
	EndGlobalSection
	GlobalSection(ExtensibilityGlobals) = postSolution
		SolutionGuid = {2C8730EF-44CD-4B4B-8E84-C17539551B82}
	EndGlobalSection
EndGlobal
